// !$*UTF8*$!
{
	archiveVersion = 1;
	classes = {
	};
	objectVersion = 56;
	objects = {

/* Begin PBXBuildFile section */
		07273C8E2AC4FB8000BAAB53 /* CourseListPresenter.swift in Sources */ = {isa = PBXBuildFile; fileRef = 07273C8D2AC4FB8000BAAB53 /* CourseListPresenter.swift */; };
		07273C902AC4FC1400BAAB53 /* CourseListInteractor.swift in Sources */ = {isa = PBXBuildFile; fileRef = 07273C8F2AC4FC1400BAAB53 /* CourseListInteractor.swift */; };
		07273C922AC4FCF200BAAB53 /* CourseListConfigurator.swift in Sources */ = {isa = PBXBuildFile; fileRef = 07273C912AC4FCF200BAAB53 /* CourseListConfigurator.swift */; };
		07273C942AC503AB00BAAB53 /* CourseListRouter.swift in Sources */ = {isa = PBXBuildFile; fileRef = 07273C932AC503AB00BAAB53 /* CourseListRouter.swift */; };
		0729F4F32ACB50E500E2B2C8 /* CourseDetailsWorker.swift in Sources */ = {isa = PBXBuildFile; fileRef = 0729F4F02ACB50E500E2B2C8 /* CourseDetailsWorker.swift */; };
		0729F4F42ACB50E500E2B2C8 /* CourseDetailsRouter.swift in Sources */ = {isa = PBXBuildFile; fileRef = 0729F4F12ACB50E500E2B2C8 /* CourseDetailsRouter.swift */; };
		0729F4F52ACB50E500E2B2C8 /* CourseDetailsModels.swift in Sources */ = {isa = PBXBuildFile; fileRef = 0729F4F22ACB50E500E2B2C8 /* CourseDetailsModels.swift */; };
		0729F4FD2ACB514100E2B2C8 /* CourseDetailsPresenter.swift in Sources */ = {isa = PBXBuildFile; fileRef = 0729F4F72ACB514100E2B2C8 /* CourseDetailsPresenter.swift */; };
		0729F5012ACB514100E2B2C8 /* CourseDetailsViewController.swift in Sources */ = {isa = PBXBuildFile; fileRef = 0729F4FB2ACB514100E2B2C8 /* CourseDetailsViewController.swift */; };
		0729F5022ACB514100E2B2C8 /* CourseDetailsInteractor.swift in Sources */ = {isa = PBXBuildFile; fileRef = 0729F4FC2ACB514100E2B2C8 /* CourseDetailsInteractor.swift */; };
		0730DAEB2AA27619004ACDDE /* CourseCell.swift in Sources */ = {isa = PBXBuildFile; fileRef = 0730DAEA2AA27619004ACDDE /* CourseCell.swift */; };
		074829522AA1131D002DACCB /* Course.swift in Sources */ = {isa = PBXBuildFile; fileRef = 074829512AA1131D002DACCB /* Course.swift */; };
		074829552AA11D5E002DACCB /* NetworkManager.swift in Sources */ = {isa = PBXBuildFile; fileRef = 074829542AA11D5E002DACCB /* NetworkManager.swift */; };
		074829592AA122EC002DACCB /* DataManager.swift in Sources */ = {isa = PBXBuildFile; fileRef = 074829582AA122EC002DACCB /* DataManager.swift */; };
		0756E94B2AC3A371006B1196 /* CourseDetailsConfigurator.swift in Sources */ = {isa = PBXBuildFile; fileRef = 0756E94A2AC3A371006B1196 /* CourseDetailsConfigurator.swift */; };
		0756E94E2AC3B838006B1196 /* ActivityIndicatorFactory.swift in Sources */ = {isa = PBXBuildFile; fileRef = 0756E94D2AC3B838006B1196 /* ActivityIndicatorFactory.swift */; };
		076858792A9E8C4200927BE5 /* AppDelegate.swift in Sources */ = {isa = PBXBuildFile; fileRef = 076858782A9E8C4200927BE5 /* AppDelegate.swift */; };
		0768587B2A9E8C4200927BE5 /* SceneDelegate.swift in Sources */ = {isa = PBXBuildFile; fileRef = 0768587A2A9E8C4200927BE5 /* SceneDelegate.swift */; };
		076858822A9E8C4200927BE5 /* Assets.xcassets in Resources */ = {isa = PBXBuildFile; fileRef = 076858812A9E8C4200927BE5 /* Assets.xcassets */; };
		076858852A9E8C4200927BE5 /* LaunchScreen.storyboard in Resources */ = {isa = PBXBuildFile; fileRef = 076858832A9E8C4200927BE5 /* LaunchScreen.storyboard */; };
		079C38012ACCE98B006FC40A /* CourseListModels.swift in Sources */ = {isa = PBXBuildFile; fileRef = 079C38002ACCE98B006FC40A /* CourseListModels.swift */; };
		07C989272A9FAD9F0033396F /* CourseListViewController.swift in Sources */ = {isa = PBXBuildFile; fileRef = 07C989262A9FAD9F0033396F /* CourseListViewController.swift */; };
/* End PBXBuildFile section */

/* Begin PBXFileReference section */
		07273C8D2AC4FB8000BAAB53 /* CourseListPresenter.swift */ = {isa = PBXFileReference; lastKnownFileType = sourcecode.swift; path = CourseListPresenter.swift; sourceTree = "<group>"; };
		07273C8F2AC4FC1400BAAB53 /* CourseListInteractor.swift */ = {isa = PBXFileReference; lastKnownFileType = sourcecode.swift; path = CourseListInteractor.swift; sourceTree = "<group>"; };
		07273C912AC4FCF200BAAB53 /* CourseListConfigurator.swift */ = {isa = PBXFileReference; lastKnownFileType = sourcecode.swift; path = CourseListConfigurator.swift; sourceTree = "<group>"; };
		07273C932AC503AB00BAAB53 /* CourseListRouter.swift */ = {isa = PBXFileReference; lastKnownFileType = sourcecode.swift; path = CourseListRouter.swift; sourceTree = "<group>"; };
		0729F4F02ACB50E500E2B2C8 /* CourseDetailsWorker.swift */ = {isa = PBXFileReference; lastKnownFileType = sourcecode.swift; path = CourseDetailsWorker.swift; sourceTree = "<group>"; };
		0729F4F12ACB50E500E2B2C8 /* CourseDetailsRouter.swift */ = {isa = PBXFileReference; lastKnownFileType = sourcecode.swift; path = CourseDetailsRouter.swift; sourceTree = "<group>"; };
		0729F4F22ACB50E500E2B2C8 /* CourseDetailsModels.swift */ = {isa = PBXFileReference; lastKnownFileType = sourcecode.swift; path = CourseDetailsModels.swift; sourceTree = "<group>"; };
		0729F4F72ACB514100E2B2C8 /* CourseDetailsPresenter.swift */ = {isa = PBXFileReference; lastKnownFileType = sourcecode.swift; path = CourseDetailsPresenter.swift; sourceTree = "<group>"; };
		0729F4FB2ACB514100E2B2C8 /* CourseDetailsViewController.swift */ = {isa = PBXFileReference; lastKnownFileType = sourcecode.swift; path = CourseDetailsViewController.swift; sourceTree = "<group>"; };
		0729F4FC2ACB514100E2B2C8 /* CourseDetailsInteractor.swift */ = {isa = PBXFileReference; lastKnownFileType = sourcecode.swift; path = CourseDetailsInteractor.swift; sourceTree = "<group>"; };
		0730DAEA2AA27619004ACDDE /* CourseCell.swift */ = {isa = PBXFileReference; lastKnownFileType = sourcecode.swift; path = CourseCell.swift; sourceTree = "<group>"; };
		074829512AA1131D002DACCB /* Course.swift */ = {isa = PBXFileReference; lastKnownFileType = sourcecode.swift; path = Course.swift; sourceTree = "<group>"; };
		074829542AA11D5E002DACCB /* NetworkManager.swift */ = {isa = PBXFileReference; lastKnownFileType = sourcecode.swift; path = NetworkManager.swift; sourceTree = "<group>"; };
		074829582AA122EC002DACCB /* DataManager.swift */ = {isa = PBXFileReference; lastKnownFileType = sourcecode.swift; path = DataManager.swift; sourceTree = "<group>"; };
		0756E94A2AC3A371006B1196 /* CourseDetailsConfigurator.swift */ = {isa = PBXFileReference; lastKnownFileType = sourcecode.swift; path = CourseDetailsConfigurator.swift; sourceTree = "<group>"; };
		0756E94D2AC3B838006B1196 /* ActivityIndicatorFactory.swift */ = {isa = PBXFileReference; lastKnownFileType = sourcecode.swift; path = ActivityIndicatorFactory.swift; sourceTree = "<group>"; };
		076858752A9E8C4200927BE5 /* SwiftBookApp.app */ = {isa = PBXFileReference; explicitFileType = wrapper.application; includeInIndex = 0; path = SwiftBookApp.app; sourceTree = BUILT_PRODUCTS_DIR; };
		076858782A9E8C4200927BE5 /* AppDelegate.swift */ = {isa = PBXFileReference; lastKnownFileType = sourcecode.swift; path = AppDelegate.swift; sourceTree = "<group>"; };
		0768587A2A9E8C4200927BE5 /* SceneDelegate.swift */ = {isa = PBXFileReference; lastKnownFileType = sourcecode.swift; path = SceneDelegate.swift; sourceTree = "<group>"; };
		076858812A9E8C4200927BE5 /* Assets.xcassets */ = {isa = PBXFileReference; lastKnownFileType = folder.assetcatalog; path = Assets.xcassets; sourceTree = "<group>"; };
		076858842A9E8C4200927BE5 /* Base */ = {isa = PBXFileReference; lastKnownFileType = file.storyboard; name = Base; path = Base.lproj/LaunchScreen.storyboard; sourceTree = "<group>"; };
		076858862A9E8C4200927BE5 /* Info.plist */ = {isa = PBXFileReference; lastKnownFileType = text.plist.xml; path = Info.plist; sourceTree = "<group>"; };
		079C38002ACCE98B006FC40A /* CourseListModels.swift */ = {isa = PBXFileReference; lastKnownFileType = sourcecode.swift; path = CourseListModels.swift; sourceTree = "<group>"; };
		07C989262A9FAD9F0033396F /* CourseListViewController.swift */ = {isa = PBXFileReference; lastKnownFileType = sourcecode.swift; path = CourseListViewController.swift; sourceTree = "<group>"; };
/* End PBXFileReference section */

/* Begin PBXFrameworksBuildPhase section */
		076858722A9E8C4200927BE5 /* Frameworks */ = {
			isa = PBXFrameworksBuildPhase;
			buildActionMask = 2147483647;
			files = (
			);
			runOnlyForDeploymentPostprocessing = 0;
		};
/* End PBXFrameworksBuildPhase section */

/* Begin PBXGroup section */
		0730DAE92AA27608004ACDDE /* CourseCell */ = {
			isa = PBXGroup;
			children = (
				0730DAEA2AA27619004ACDDE /* CourseCell.swift */,
			);
			path = CourseCell;
			sourceTree = "<group>";
		};
		074829502AA11308002DACCB /* Model */ = {
			isa = PBXGroup;
			children = (
				074829512AA1131D002DACCB /* Course.swift */,
			);
			path = Model;
			sourceTree = "<group>";
		};
		074829532AA11D43002DACCB /* Services */ = {
			isa = PBXGroup;
			children = (
				074829542AA11D5E002DACCB /* NetworkManager.swift */,
				074829582AA122EC002DACCB /* DataManager.swift */,
			);
			path = Services;
			sourceTree = "<group>";
		};
		0756E94C2AC3B820006B1196 /* Factory */ = {
			isa = PBXGroup;
			children = (
				0756E94D2AC3B838006B1196 /* ActivityIndicatorFactory.swift */,
			);
			path = Factory;
			sourceTree = "<group>";
		};
		0768586C2A9E8C4200927BE5 = {
			isa = PBXGroup;
			children = (
				076858772A9E8C4200927BE5 /* SwiftBookApp */,
				076858762A9E8C4200927BE5 /* Products */,
			);
			sourceTree = "<group>";
		};
		076858762A9E8C4200927BE5 /* Products */ = {
			isa = PBXGroup;
			children = (
				076858752A9E8C4200927BE5 /* SwiftBookApp.app */,
			);
			name = Products;
			sourceTree = "<group>";
		};
		076858772A9E8C4200927BE5 /* SwiftBookApp */ = {
			isa = PBXGroup;
			children = (
				07C989252A9FAD2E0033396F /* CourseList */,
				07F9B3DB2AA6766100928030 /* CourseDetails */,
				07C989212A9FAC5D0033396F /* App */,
				074829502AA11308002DACCB /* Model */,
				074829532AA11D43002DACCB /* Services */,
				0756E94C2AC3B820006B1196 /* Factory */,
				07C989202A9FAC300033396F /* Resources */,
				07C989222A9FAC650033396F /* Storyboards */,
			);
			path = SwiftBookApp;
			sourceTree = "<group>";
		};
		07C989202A9FAC300033396F /* Resources */ = {
			isa = PBXGroup;
			children = (
				076858812A9E8C4200927BE5 /* Assets.xcassets */,
			);
			path = Resources;
			sourceTree = "<group>";
		};
		07C989212A9FAC5D0033396F /* App */ = {
			isa = PBXGroup;
			children = (
				076858782A9E8C4200927BE5 /* AppDelegate.swift */,
				0768587A2A9E8C4200927BE5 /* SceneDelegate.swift */,
				076858862A9E8C4200927BE5 /* Info.plist */,
			);
			path = App;
			sourceTree = "<group>";
		};
		07C989222A9FAC650033396F /* Storyboards */ = {
			isa = PBXGroup;
			children = (
				076858832A9E8C4200927BE5 /* LaunchScreen.storyboard */,
			);
			path = Storyboards;
			sourceTree = "<group>";
		};
		07C989252A9FAD2E0033396F /* CourseList */ = {
			isa = PBXGroup;
			children = (
				07C989262A9FAD9F0033396F /* CourseListViewController.swift */,
				07273C8F2AC4FC1400BAAB53 /* CourseListInteractor.swift */,
				07273C8D2AC4FB8000BAAB53 /* CourseListPresenter.swift */,
				07273C912AC4FCF200BAAB53 /* CourseListConfigurator.swift */,
				07273C932AC503AB00BAAB53 /* CourseListRouter.swift */,
				079C38002ACCE98B006FC40A /* CourseListModels.swift */,
				0730DAE92AA27608004ACDDE /* CourseCell */,
			);
			name = CourseList;
			path = ..;
			sourceTree = "<group>";
		};
		07F9B3DB2AA6766100928030 /* CourseDetails */ = {
			isa = PBXGroup;
			children = (
				0729F4FB2ACB514100E2B2C8 /* CourseDetailsViewController.swift */,
				0729F4FC2ACB514100E2B2C8 /* CourseDetailsInteractor.swift */,
				0729F4F72ACB514100E2B2C8 /* CourseDetailsPresenter.swift */,
				0756E94A2AC3A371006B1196 /* CourseDetailsConfigurator.swift */,
				0729F4F02ACB50E500E2B2C8 /* CourseDetailsWorker.swift */,
				0729F4F12ACB50E500E2B2C8 /* CourseDetailsRouter.swift */,
				0729F4F22ACB50E500E2B2C8 /* CourseDetailsModels.swift */,
			);
			path = CourseDetails;
			sourceTree = "<group>";
		};
/* End PBXGroup section */

/* Begin PBXNativeTarget section */
		076858742A9E8C4200927BE5 /* SwiftBookApp */ = {
			isa = PBXNativeTarget;
			buildConfigurationList = 076858892A9E8C4200927BE5 /* Build configuration list for PBXNativeTarget "SwiftBookApp" */;
			buildPhases = (
				076858712A9E8C4200927BE5 /* Sources */,
				076858722A9E8C4200927BE5 /* Frameworks */,
				076858732A9E8C4200927BE5 /* Resources */,
			);
			buildRules = (
			);
			dependencies = (
			);
			name = SwiftBookApp;
			productName = SwiftBookApp;
			productReference = 076858752A9E8C4200927BE5 /* SwiftBookApp.app */;
			productType = "com.apple.product-type.application";
		};
/* End PBXNativeTarget section */

/* Begin PBXProject section */
		0768586D2A9E8C4200927BE5 /* Project object */ = {
			isa = PBXProject;
			attributes = {
				BuildIndependentTargetsInParallel = 1;
				LastSwiftUpdateCheck = 1430;
				LastUpgradeCheck = 1500;
				TargetAttributes = {
					076858742A9E8C4200927BE5 = {
						CreatedOnToolsVersion = 14.3.1;
					};
				};
			};
			buildConfigurationList = 076858702A9E8C4200927BE5 /* Build configuration list for PBXProject "SwiftBookApp" */;
			compatibilityVersion = "Xcode 14.0";
			developmentRegion = en;
			hasScannedForEncodings = 0;
			knownRegions = (
				en,
				Base,
			);
			mainGroup = 0768586C2A9E8C4200927BE5;
			productRefGroup = 076858762A9E8C4200927BE5 /* Products */;
			projectDirPath = "";
			projectRoot = "";
			targets = (
				076858742A9E8C4200927BE5 /* SwiftBookApp */,
			);
		};
/* End PBXProject section */

/* Begin PBXResourcesBuildPhase section */
		076858732A9E8C4200927BE5 /* Resources */ = {
			isa = PBXResourcesBuildPhase;
			buildActionMask = 2147483647;
			files = (
				076858852A9E8C4200927BE5 /* LaunchScreen.storyboard in Resources */,
				076858822A9E8C4200927BE5 /* Assets.xcassets in Resources */,
			);
			runOnlyForDeploymentPostprocessing = 0;
		};
/* End PBXResourcesBuildPhase section */

/* Begin PBXSourcesBuildPhase section */
		076858712A9E8C4200927BE5 /* Sources */ = {
			isa = PBXSourcesBuildPhase;
			buildActionMask = 2147483647;
			files = (
				0756E94B2AC3A371006B1196 /* CourseDetailsConfigurator.swift in Sources */,
				074829552AA11D5E002DACCB /* NetworkManager.swift in Sources */,
				0729F5012ACB514100E2B2C8 /* CourseDetailsViewController.swift in Sources */,
				0729F4F32ACB50E500E2B2C8 /* CourseDetailsWorker.swift in Sources */,
				0729F4F52ACB50E500E2B2C8 /* CourseDetailsModels.swift in Sources */,
				07273C942AC503AB00BAAB53 /* CourseListRouter.swift in Sources */,
				07273C8E2AC4FB8000BAAB53 /* CourseListPresenter.swift in Sources */,
				074829592AA122EC002DACCB /* DataManager.swift in Sources */,
				079C38012ACCE98B006FC40A /* CourseListModels.swift in Sources */,
				0729F4F42ACB50E500E2B2C8 /* CourseDetailsRouter.swift in Sources */,
				074829522AA1131D002DACCB /* Course.swift in Sources */,
				0730DAEB2AA27619004ACDDE /* CourseCell.swift in Sources */,
				076858792A9E8C4200927BE5 /* AppDelegate.swift in Sources */,
				07273C922AC4FCF200BAAB53 /* CourseListConfigurator.swift in Sources */,
				0768587B2A9E8C4200927BE5 /* SceneDelegate.swift in Sources */,
				0729F4FD2ACB514100E2B2C8 /* CourseDetailsPresenter.swift in Sources */,
				0756E94E2AC3B838006B1196 /* ActivityIndicatorFactory.swift in Sources */,
				07273C902AC4FC1400BAAB53 /* CourseListInteractor.swift in Sources */,
				07C989272A9FAD9F0033396F /* CourseListViewController.swift in Sources */,
				0729F5022ACB514100E2B2C8 /* CourseDetailsInteractor.swift in Sources */,
			);
			runOnlyForDeploymentPostprocessing = 0;
		};
/* End PBXSourcesBuildPhase section */

/* Begin PBXVariantGroup section */
		076858832A9E8C4200927BE5 /* LaunchScreen.storyboard */ = {
			isa = PBXVariantGroup;
			children = (
				076858842A9E8C4200927BE5 /* Base */,
			);
			name = LaunchScreen.storyboard;
			sourceTree = "<group>";
		};
/* End PBXVariantGroup section */

/* Begin XCBuildConfiguration section */
		076858872A9E8C4200927BE5 /* Debug */ = {
			isa = XCBuildConfiguration;
			buildSettings = {
				ALWAYS_SEARCH_USER_PATHS = NO;
				CLANG_ANALYZER_NONNULL = YES;
				CLANG_ANALYZER_NUMBER_OBJECT_CONVERSION = YES_AGGRESSIVE;
				CLANG_CXX_LANGUAGE_STANDARD = "gnu++20";
				CLANG_ENABLE_MODULES = YES;
				CLANG_ENABLE_OBJC_ARC = YES;
				CLANG_ENABLE_OBJC_WEAK = YES;
				CLANG_WARN_BLOCK_CAPTURE_AUTORELEASING = YES;
				CLANG_WARN_BOOL_CONVERSION = YES;
				CLANG_WARN_COMMA = YES;
				CLANG_WARN_CONSTANT_CONVERSION = YES;
				CLANG_WARN_DEPRECATED_OBJC_IMPLEMENTATIONS = YES;
				CLANG_WARN_DIRECT_OBJC_ISA_USAGE = YES_ERROR;
				CLANG_WARN_DOCUMENTATION_COMMENTS = YES;
				CLANG_WARN_EMPTY_BODY = YES;
				CLANG_WARN_ENUM_CONVERSION = YES;
				CLANG_WARN_INFINITE_RECURSION = YES;
				CLANG_WARN_INT_CONVERSION = YES;
				CLANG_WARN_NON_LITERAL_NULL_CONVERSION = YES;
				CLANG_WARN_OBJC_IMPLICIT_RETAIN_SELF = YES;
				CLANG_WARN_OBJC_LITERAL_CONVERSION = YES;
				CLANG_WARN_OBJC_ROOT_CLASS = YES_ERROR;
				CLANG_WARN_QUOTED_INCLUDE_IN_FRAMEWORK_HEADER = YES;
				CLANG_WARN_RANGE_LOOP_ANALYSIS = YES;
				CLANG_WARN_STRICT_PROTOTYPES = YES;
				CLANG_WARN_SUSPICIOUS_MOVE = YES;
				CLANG_WARN_UNGUARDED_AVAILABILITY = YES_AGGRESSIVE;
				CLANG_WARN_UNREACHABLE_CODE = YES;
				CLANG_WARN__DUPLICATE_METHOD_MATCH = YES;
				COPY_PHASE_STRIP = NO;
				DEBUG_INFORMATION_FORMAT = dwarf;
				ENABLE_STRICT_OBJC_MSGSEND = YES;
				ENABLE_TESTABILITY = YES;
				ENABLE_USER_SCRIPT_SANDBOXING = YES;
				GCC_C_LANGUAGE_STANDARD = gnu11;
				GCC_DYNAMIC_NO_PIC = NO;
				GCC_NO_COMMON_BLOCKS = YES;
				GCC_OPTIMIZATION_LEVEL = 0;
				GCC_PREPROCESSOR_DEFINITIONS = (
					"DEBUG=1",
					"$(inherited)",
				);
				GCC_WARN_64_TO_32_BIT_CONVERSION = YES;
				GCC_WARN_ABOUT_RETURN_TYPE = YES_ERROR;
				GCC_WARN_UNDECLARED_SELECTOR = YES;
				GCC_WARN_UNINITIALIZED_AUTOS = YES_AGGRESSIVE;
				GCC_WARN_UNUSED_FUNCTION = YES;
				GCC_WARN_UNUSED_VARIABLE = YES;
				IPHONEOS_DEPLOYMENT_TARGET = 16.4;
				MTL_ENABLE_DEBUG_INFO = INCLUDE_SOURCE;
				MTL_FAST_MATH = YES;
				ONLY_ACTIVE_ARCH = YES;
				SDKROOT = iphoneos;
				SWIFT_ACTIVE_COMPILATION_CONDITIONS = DEBUG;
				SWIFT_OPTIMIZATION_LEVEL = "-Onone";
			};
			name = Debug;
		};
		076858882A9E8C4200927BE5 /* Release */ = {
			isa = XCBuildConfiguration;
			buildSettings = {
				ALWAYS_SEARCH_USER_PATHS = NO;
				CLANG_ANALYZER_NONNULL = YES;
				CLANG_ANALYZER_NUMBER_OBJECT_CONVERSION = YES_AGGRESSIVE;
				CLANG_CXX_LANGUAGE_STANDARD = "gnu++20";
				CLANG_ENABLE_MODULES = YES;
				CLANG_ENABLE_OBJC_ARC = YES;
				CLANG_ENABLE_OBJC_WEAK = YES;
				CLANG_WARN_BLOCK_CAPTURE_AUTORELEASING = YES;
				CLANG_WARN_BOOL_CONVERSION = YES;
				CLANG_WARN_COMMA = YES;
				CLANG_WARN_CONSTANT_CONVERSION = YES;
				CLANG_WARN_DEPRECATED_OBJC_IMPLEMENTATIONS = YES;
				CLANG_WARN_DIRECT_OBJC_ISA_USAGE = YES_ERROR;
				CLANG_WARN_DOCUMENTATION_COMMENTS = YES;
				CLANG_WARN_EMPTY_BODY = YES;
				CLANG_WARN_ENUM_CONVERSION = YES;
				CLANG_WARN_INFINITE_RECURSION = YES;
				CLANG_WARN_INT_CONVERSION = YES;
				CLANG_WARN_NON_LITERAL_NULL_CONVERSION = YES;
				CLANG_WARN_OBJC_IMPLICIT_RETAIN_SELF = YES;
				CLANG_WARN_OBJC_LITERAL_CONVERSION = YES;
				CLANG_WARN_OBJC_ROOT_CLASS = YES_ERROR;
				CLANG_WARN_QUOTED_INCLUDE_IN_FRAMEWORK_HEADER = YES;
				CLANG_WARN_RANGE_LOOP_ANALYSIS = YES;
				CLANG_WARN_STRICT_PROTOTYPES = YES;
				CLANG_WARN_SUSPICIOUS_MOVE = YES;
				CLANG_WARN_UNGUARDED_AVAILABILITY = YES_AGGRESSIVE;
				CLANG_WARN_UNREACHABLE_CODE = YES;
				CLANG_WARN__DUPLICATE_METHOD_MATCH = YES;
				COPY_PHASE_STRIP = NO;
				DEBUG_INFORMATION_FORMAT = "dwarf-with-dsym";
				ENABLE_NS_ASSERTIONS = NO;
				ENABLE_STRICT_OBJC_MSGSEND = YES;
				ENABLE_USER_SCRIPT_SANDBOXING = YES;
				GCC_C_LANGUAGE_STANDARD = gnu11;
				GCC_NO_COMMON_BLOCKS = YES;
				GCC_WARN_64_TO_32_BIT_CONVERSION = YES;
				GCC_WARN_ABOUT_RETURN_TYPE = YES_ERROR;
				GCC_WARN_UNDECLARED_SELECTOR = YES;
				GCC_WARN_UNINITIALIZED_AUTOS = YES_AGGRESSIVE;
				GCC_WARN_UNUSED_FUNCTION = YES;
				GCC_WARN_UNUSED_VARIABLE = YES;
				IPHONEOS_DEPLOYMENT_TARGET = 16.4;
				MTL_ENABLE_DEBUG_INFO = NO;
				MTL_FAST_MATH = YES;
				SDKROOT = iphoneos;
				SWIFT_COMPILATION_MODE = wholemodule;
				SWIFT_OPTIMIZATION_LEVEL = "-O";
				VALIDATE_PRODUCT = YES;
			};
			name = Release;
		};
		0768588A2A9E8C4200927BE5 /* Debug */ = {
			isa = XCBuildConfiguration;
			buildSettings = {
				ASSETCATALOG_COMPILER_APPICON_NAME = AppIcon;
				ASSETCATALOG_COMPILER_GLOBAL_ACCENT_COLOR_NAME = AccentColor;
				CODE_SIGN_STYLE = Automatic;
				CURRENT_PROJECT_VERSION = 1;
				DEVELOPMENT_TEAM = 6PNGGFV6BC;
				GENERATE_INFOPLIST_FILE = YES;
				INFOPLIST_FILE = SwiftBookApp/App/Info.plist;
				INFOPLIST_KEY_UIApplicationSupportsIndirectInputEvents = YES;
				INFOPLIST_KEY_UILaunchStoryboardName = LaunchScreen;
				INFOPLIST_KEY_UIMainStoryboardFile = "";
				INFOPLIST_KEY_UIStatusBarStyle = UIStatusBarStyleLightContent;
				INFOPLIST_KEY_UISupportedInterfaceOrientations_iPad = "UIInterfaceOrientationPortrait UIInterfaceOrientationPortraitUpsideDown UIInterfaceOrientationLandscapeLeft UIInterfaceOrientationLandscapeRight";
				INFOPLIST_KEY_UISupportedInterfaceOrientations_iPhone = "UIInterfaceOrientationPortrait UIInterfaceOrientationLandscapeLeft UIInterfaceOrientationLandscapeRight";
				LD_RUNPATH_SEARCH_PATHS = (
					"$(inherited)",
					"@executable_path/Frameworks",
				);
				MARKETING_VERSION = 1.0;
				PRODUCT_BUNDLE_IDENTIFIER = repakuku.SwiftBookApp;
				PRODUCT_NAME = "$(TARGET_NAME)";
				SWIFT_EMIT_LOC_STRINGS = YES;
				SWIFT_VERSION = 5.0;
				TARGETED_DEVICE_FAMILY = "1,2";
			};
			name = Debug;
		};
		0768588B2A9E8C4200927BE5 /* Release */ = {
			isa = XCBuildConfiguration;
			buildSettings = {
				ASSETCATALOG_COMPILER_APPICON_NAME = AppIcon;
				ASSETCATALOG_COMPILER_GLOBAL_ACCENT_COLOR_NAME = AccentColor;
				CODE_SIGN_STYLE = Automatic;
				CURRENT_PROJECT_VERSION = 1;
				DEVELOPMENT_TEAM = 6PNGGFV6BC;
				GENERATE_INFOPLIST_FILE = YES;
				INFOPLIST_FILE = SwiftBookApp/App/Info.plist;
				INFOPLIST_KEY_UIApplicationSupportsIndirectInputEvents = YES;
				INFOPLIST_KEY_UILaunchStoryboardName = LaunchScreen;
				INFOPLIST_KEY_UIMainStoryboardFile = "";
				INFOPLIST_KEY_UIStatusBarStyle = UIStatusBarStyleLightContent;
				INFOPLIST_KEY_UISupportedInterfaceOrientations_iPad = "UIInterfaceOrientationPortrait UIInterfaceOrientationPortraitUpsideDown UIInterfaceOrientationLandscapeLeft UIInterfaceOrientationLandscapeRight";
				INFOPLIST_KEY_UISupportedInterfaceOrientations_iPhone = "UIInterfaceOrientationPortrait UIInterfaceOrientationLandscapeLeft UIInterfaceOrientationLandscapeRight";
				LD_RUNPATH_SEARCH_PATHS = (
					"$(inherited)",
					"@executable_path/Frameworks",
				);
				MARKETING_VERSION = 1.0;
				PRODUCT_BUNDLE_IDENTIFIER = repakuku.SwiftBookApp;
				PRODUCT_NAME = "$(TARGET_NAME)";
				SWIFT_EMIT_LOC_STRINGS = YES;
				SWIFT_VERSION = 5.0;
				TARGETED_DEVICE_FAMILY = "1,2";
			};
			name = Release;
		};
/* End XCBuildConfiguration section */

/* Begin XCConfigurationList section */
		076858702A9E8C4200927BE5 /* Build configuration list for PBXProject "SwiftBookApp" */ = {
			isa = XCConfigurationList;
			buildConfigurations = (
				076858872A9E8C4200927BE5 /* Debug */,
				076858882A9E8C4200927BE5 /* Release */,
			);
			defaultConfigurationIsVisible = 0;
			defaultConfigurationName = Release;
		};
		076858892A9E8C4200927BE5 /* Build configuration list for PBXNativeTarget "SwiftBookApp" */ = {
			isa = XCConfigurationList;
			buildConfigurations = (
				0768588A2A9E8C4200927BE5 /* Debug */,
				0768588B2A9E8C4200927BE5 /* Release */,
			);
			defaultConfigurationIsVisible = 0;
			defaultConfigurationName = Release;
		};
/* End XCConfigurationList section */
	};
	rootObject = 0768586D2A9E8C4200927BE5 /* Project object */;
}
